
Microsoft Visual Studio Solution File, Format Version 12.00
# Visual Studio Express 2012 for Windows Desktop
Project("{8BC9CEB8-8B4A-11D0-8D11-00A0C91BC942}") = "server", "server\server.vcxproj", "{4A298E92-7E79-4C7A-ABD8-BD435A43422A}"
EndProject
Global
	GlobalSection(SolutionConfigurationPlatforms) = preSolution
		Debug|Win32 = Debug|Win32
		Release|Win32 = Release|Win32
	EndGlobalSection
	GlobalSection(ProjectConfigurationPlatforms) = postSolution
		{4A298E92-7E79-4C7A-ABD8-BD435A43422A}.Debug|Win32.ActiveCfg = Debug|Win32
		{4A298E92-7E79-4C7A-ABD8-BD435A43422A}.Debug|Win32.Build.0 = Debug|Win32
		{4A298E92-7E79-4C7A-ABD8-BD435A43422A}.Release|Win32.ActiveCfg = Release|Win32
		{4A298E92-7E79-4C7A-ABD8-BD435A43422A}.Release|Win32.Build.0 = Release|Win32
	EndGlobalSection
	GlobalSection(SolutionProperties) = preSolution
		HideSolutionNode = FALSE
	EndGlobalSection
EndGlobal
